
Microsoft Visual Studio Solution File, Format Version 12.00
# Visual Studio Version 17
VisualStudioVersion = 17.8.34511.84
MinimumVisualStudioVersion = 10.0.40219.1
Project("{FAE04EC0-301F-11D3-BF4B-00C04F79EFBC}") = "CarduriMeniu", "CarduriMeniu\CarduriMeniu.csproj", "{F592298B-BC9E-4F49-9B3F-CC9CB9B5F605}"
EndProject
Global
	GlobalSection(SolutionConfigurationPlatforms) = preSolution
		Debug|Any CPU = Debug|Any CPU
		Release|Any CPU = Release|Any CPU
	EndGlobalSection
	GlobalSection(ProjectConfigurationPlatforms) = postSolution
		{F592298B-BC9E-4F49-9B3F-CC9CB9B5F605}.Debug|Any CPU.ActiveCfg = Debug|Any CPU
		{F592298B-BC9E-4F49-9B3F-CC9CB9B5F605}.Debug|Any CPU.Build.0 = Debug|Any CPU
		{F592298B-BC9E-4F49-9B3F-CC9CB9B5F605}.Release|Any CPU.ActiveCfg = Release|Any CPU
		{F592298B-BC9E-4F49-9B3F-CC9CB9B5F605}.Release|Any CPU.Build.0 = Release|Any CPU
	EndGlobalSection
	GlobalSection(SolutionProperties) = preSolution
		HideSolutionNode = FALSE
	EndGlobalSection
	GlobalSection(ExtensibilityGlobals) = postSolution
		SolutionGuid = {53185E3F-C65D-4F59-8C88-525F1D99F670}
	EndGlobalSection
EndGlobal
